// !$*UTF8*$!
{
	archiveVersion = 1;
	classes = {
	};
	objectVersion = 46;
	objects = {

/* Begin PBXBuildFile section */
		07D60B8289C8B291D151E484 /* Pods_TwitterCloneTests.framework in Frameworks */ = {isa = PBXBuildFile; fileRef = 346D66B54E03D084DBECCC29 /* Pods_TwitterCloneTests.framework */; };
		C5FD7543BA42E417392AEA0D /* Pods_TwitterClone.framework in Frameworks */ = {isa = PBXBuildFile; fileRef = 4B6E8A9D246F603B466821B7 /* Pods_TwitterClone.framework */; };
		F220B04C1E1F896D00A8FE2B /* AppDelegate.swift in Sources */ = {isa = PBXBuildFile; fileRef = F220B04B1E1F896D00A8FE2B /* AppDelegate.swift */; };
		F220B0541E1F896D00A8FE2B /* TwitterClone.xcdatamodeld in Sources */ = {isa = PBXBuildFile; fileRef = F220B0521E1F896D00A8FE2B /* TwitterClone.xcdatamodeld */; };
		F220B0561E1F896D00A8FE2B /* Assets.xcassets in Resources */ = {isa = PBXBuildFile; fileRef = F220B0551E1F896D00A8FE2B /* Assets.xcassets */; };
		F220B0591E1F896D00A8FE2B /* LaunchScreen.storyboard in Resources */ = {isa = PBXBuildFile; fileRef = F220B0571E1F896D00A8FE2B /* LaunchScreen.storyboard */; };
		F220B0641E1F896D00A8FE2B /* TwitterCloneTests.swift in Sources */ = {isa = PBXBuildFile; fileRef = F220B0631E1F896D00A8FE2B /* TwitterCloneTests.swift */; };
		F220B06F1E1F8B4D00A8FE2B /* HomeCollectionViewController.swift in Sources */ = {isa = PBXBuildFile; fileRef = F220B06E1E1F8B4D00A8FE2B /* HomeCollectionViewController.swift */; };
		F220B0741E1F8FC300A8FE2B /* WordCell.swift in Sources */ = {isa = PBXBuildFile; fileRef = F220B0731E1F8FC300A8FE2B /* WordCell.swift */; };
		F220B0761E1F998600A8FE2B /* HomeDataSourceController.swift in Sources */ = {isa = PBXBuildFile; fileRef = F220B0751E1F998600A8FE2B /* HomeDataSourceController.swift */; };
		F220B0791E1F9A6C00A8FE2B /* HomeDataSource.swift in Sources */ = {isa = PBXBuildFile; fileRef = F220B0781E1F9A6C00A8FE2B /* HomeDataSource.swift */; };
		F220B07B1E1F9BD300A8FE2B /* UserCell.swift in Sources */ = {isa = PBXBuildFile; fileRef = F220B07A1E1F9BD300A8FE2B /* UserCell.swift */; };
		F220B07D1E1F9DEB00A8FE2B /* UserHeader.swift in Sources */ = {isa = PBXBuildFile; fileRef = F220B07C1E1F9DEB00A8FE2B /* UserHeader.swift */; };
		F220B07F1E1F9F2700A8FE2B /* UserFooter.swift in Sources */ = {isa = PBXBuildFile; fileRef = F220B07E1E1F9F2700A8FE2B /* UserFooter.swift */; };
/* End PBXBuildFile section */

/* Begin PBXContainerItemProxy section */
		F220B0601E1F896D00A8FE2B /* PBXContainerItemProxy */ = {
			isa = PBXContainerItemProxy;
			containerPortal = F220B0401E1F896D00A8FE2B /* Project object */;
			proxyType = 1;
			remoteGlobalIDString = F220B0471E1F896D00A8FE2B;
			remoteInfo = TwitterClone;
		};
/* End PBXContainerItemProxy section */

/* Begin PBXFileReference section */
		346D66B54E03D084DBECCC29 /* Pods_TwitterCloneTests.framework */ = {isa = PBXFileReference; explicitFileType = wrapper.framework; includeInIndex = 0; path = Pods_TwitterCloneTests.framework; sourceTree = BUILT_PRODUCTS_DIR; };
		393E46A7EBC7CDD7E0DF4FFE /* Pods-TwitterCloneTests.debug.xcconfig */ = {isa = PBXFileReference; includeInIndex = 1; lastKnownFileType = text.xcconfig; name = "Pods-TwitterCloneTests.debug.xcconfig"; path = "Pods/Target Support Files/Pods-TwitterCloneTests/Pods-TwitterCloneTests.debug.xcconfig"; sourceTree = "<group>"; };
		4B6E8A9D246F603B466821B7 /* Pods_TwitterClone.framework */ = {isa = PBXFileReference; explicitFileType = wrapper.framework; includeInIndex = 0; path = Pods_TwitterClone.framework; sourceTree = BUILT_PRODUCTS_DIR; };
		8B263E6F4ECB01C9CD24D6FF /* Pods-TwitterClone.debug.xcconfig */ = {isa = PBXFileReference; includeInIndex = 1; lastKnownFileType = text.xcconfig; name = "Pods-TwitterClone.debug.xcconfig"; path = "Pods/Target Support Files/Pods-TwitterClone/Pods-TwitterClone.debug.xcconfig"; sourceTree = "<group>"; };
		DD924FF67434C1BF9E71898A /* Pods-TwitterCloneTests.release.xcconfig */ = {isa = PBXFileReference; includeInIndex = 1; lastKnownFileType = text.xcconfig; name = "Pods-TwitterCloneTests.release.xcconfig"; path = "Pods/Target Support Files/Pods-TwitterCloneTests/Pods-TwitterCloneTests.release.xcconfig"; sourceTree = "<group>"; };
		F220B0481E1F896D00A8FE2B /* TwitterClone.app */ = {isa = PBXFileReference; explicitFileType = wrapper.application; includeInIndex = 0; path = TwitterClone.app; sourceTree = BUILT_PRODUCTS_DIR; };
		F220B04B1E1F896D00A8FE2B /* AppDelegate.swift */ = {isa = PBXFileReference; lastKnownFileType = sourcecode.swift; path = AppDelegate.swift; sourceTree = "<group>"; };
		F220B0531E1F896D00A8FE2B /* TwitterClone.xcdatamodel */ = {isa = PBXFileReference; lastKnownFileType = wrapper.xcdatamodel; path = TwitterClone.xcdatamodel; sourceTree = "<group>"; };
		F220B0551E1F896D00A8FE2B /* Assets.xcassets */ = {isa = PBXFileReference; lastKnownFileType = folder.assetcatalog; path = Assets.xcassets; sourceTree = "<group>"; };
		F220B0581E1F896D00A8FE2B /* Base */ = {isa = PBXFileReference; lastKnownFileType = file.storyboard; name = Base; path = Base.lproj/LaunchScreen.storyboard; sourceTree = "<group>"; };
		F220B05A1E1F896D00A8FE2B /* Info.plist */ = {isa = PBXFileReference; lastKnownFileType = text.plist.xml; path = Info.plist; sourceTree = "<group>"; };
		F220B05F1E1F896D00A8FE2B /* TwitterCloneTests.xctest */ = {isa = PBXFileReference; explicitFileType = wrapper.cfbundle; includeInIndex = 0; path = TwitterCloneTests.xctest; sourceTree = BUILT_PRODUCTS_DIR; };
		F220B0631E1F896D00A8FE2B /* TwitterCloneTests.swift */ = {isa = PBXFileReference; lastKnownFileType = sourcecode.swift; path = TwitterCloneTests.swift; sourceTree = "<group>"; };
		F220B0651E1F896D00A8FE2B /* Info.plist */ = {isa = PBXFileReference; lastKnownFileType = text.plist.xml; path = Info.plist; sourceTree = "<group>"; };
		F220B06E1E1F8B4D00A8FE2B /* HomeCollectionViewController.swift */ = {isa = PBXFileReference; fileEncoding = 4; lastKnownFileType = sourcecode.swift; path = HomeCollectionViewController.swift; sourceTree = "<group>"; };
		F220B0731E1F8FC300A8FE2B /* WordCell.swift */ = {isa = PBXFileReference; fileEncoding = 4; lastKnownFileType = sourcecode.swift; path = WordCell.swift; sourceTree = "<group>"; };
		F220B0751E1F998600A8FE2B /* HomeDataSourceController.swift */ = {isa = PBXFileReference; fileEncoding = 4; lastKnownFileType = sourcecode.swift; path = HomeDataSourceController.swift; sourceTree = "<group>"; };
		F220B0781E1F9A6C00A8FE2B /* HomeDataSource.swift */ = {isa = PBXFileReference; fileEncoding = 4; lastKnownFileType = sourcecode.swift; path = HomeDataSource.swift; sourceTree = "<group>"; };
		F220B07A1E1F9BD300A8FE2B /* UserCell.swift */ = {isa = PBXFileReference; fileEncoding = 4; lastKnownFileType = sourcecode.swift; path = UserCell.swift; sourceTree = "<group>"; };
		F220B07C1E1F9DEB00A8FE2B /* UserHeader.swift */ = {isa = PBXFileReference; fileEncoding = 4; lastKnownFileType = sourcecode.swift; path = UserHeader.swift; sourceTree = "<group>"; };
		F220B07E1E1F9F2700A8FE2B /* UserFooter.swift */ = {isa = PBXFileReference; fileEncoding = 4; lastKnownFileType = sourcecode.swift; path = UserFooter.swift; sourceTree = "<group>"; };
		FB567766BFF58F81801648AC /* Pods-TwitterClone.release.xcconfig */ = {isa = PBXFileReference; includeInIndex = 1; lastKnownFileType = text.xcconfig; name = "Pods-TwitterClone.release.xcconfig"; path = "Pods/Target Support Files/Pods-TwitterClone/Pods-TwitterClone.release.xcconfig"; sourceTree = "<group>"; };
/* End PBXFileReference section */

/* Begin PBXFrameworksBuildPhase section */
		F220B0451E1F896D00A8FE2B /* Frameworks */ = {
			isa = PBXFrameworksBuildPhase;
			buildActionMask = 2147483647;
			files = (
				C5FD7543BA42E417392AEA0D /* Pods_TwitterClone.framework in Frameworks */,
			);
			runOnlyForDeploymentPostprocessing = 0;
		};
		F220B05C1E1F896D00A8FE2B /* Frameworks */ = {
			isa = PBXFrameworksBuildPhase;
			buildActionMask = 2147483647;
			files = (
				07D60B8289C8B291D151E484 /* Pods_TwitterCloneTests.framework in Frameworks */,
			);
			runOnlyForDeploymentPostprocessing = 0;
		};
/* End PBXFrameworksBuildPhase section */

/* Begin PBXGroup section */
		E5C2F61B4B51FAB9DE1C77FF /* Pods */ = {
			isa = PBXGroup;
			children = (
				8B263E6F4ECB01C9CD24D6FF /* Pods-TwitterClone.debug.xcconfig */,
				FB567766BFF58F81801648AC /* Pods-TwitterClone.release.xcconfig */,
				393E46A7EBC7CDD7E0DF4FFE /* Pods-TwitterCloneTests.debug.xcconfig */,
				DD924FF67434C1BF9E71898A /* Pods-TwitterCloneTests.release.xcconfig */,
			);
			name = Pods;
			sourceTree = "<group>";
		};
		F14EB4C029AD493C059B0516 /* Frameworks */ = {
			isa = PBXGroup;
			children = (
				4B6E8A9D246F603B466821B7 /* Pods_TwitterClone.framework */,
				346D66B54E03D084DBECCC29 /* Pods_TwitterCloneTests.framework */,
			);
			name = Frameworks;
			sourceTree = "<group>";
		};
		F220B03F1E1F896D00A8FE2B = {
			isa = PBXGroup;
			children = (
				F220B04A1E1F896D00A8FE2B /* TwitterClone */,
				F220B0621E1F896D00A8FE2B /* TwitterCloneTests */,
				F220B0491E1F896D00A8FE2B /* Products */,
				E5C2F61B4B51FAB9DE1C77FF /* Pods */,
				F14EB4C029AD493C059B0516 /* Frameworks */,
			);
			sourceTree = "<group>";
		};
		F220B0491E1F896D00A8FE2B /* Products */ = {
			isa = PBXGroup;
			children = (
				F220B0481E1F896D00A8FE2B /* TwitterClone.app */,
				F220B05F1E1F896D00A8FE2B /* TwitterCloneTests.xctest */,
			);
			name = Products;
			sourceTree = "<group>";
		};
		F220B04A1E1F896D00A8FE2B /* TwitterClone */ = {
			isa = PBXGroup;
			children = (
				F220B0771E1F9A5C00A8FE2B /* DataSource */,
				F220B0721E1F8FA300A8FE2B /* Controllers */,
				F220B0711E1F8F9F00A8FE2B /* Views */,
				F220B0701E1F8F8700A8FE2B /* Models */,
				F220B04B1E1F896D00A8FE2B /* AppDelegate.swift */,
				F220B0551E1F896D00A8FE2B /* Assets.xcassets */,
				F220B0571E1F896D00A8FE2B /* LaunchScreen.storyboard */,
				F220B05A1E1F896D00A8FE2B /* Info.plist */,
				F220B0521E1F896D00A8FE2B /* TwitterClone.xcdatamodeld */,
			);
			path = TwitterClone;
			sourceTree = "<group>";
		};
		F220B0621E1F896D00A8FE2B /* TwitterCloneTests */ = {
			isa = PBXGroup;
			children = (
				F220B0631E1F896D00A8FE2B /* TwitterCloneTests.swift */,
				F220B0651E1F896D00A8FE2B /* Info.plist */,
			);
			path = TwitterCloneTests;
			sourceTree = "<group>";
		};
		F220B0701E1F8F8700A8FE2B /* Models */ = {
			isa = PBXGroup;
			children = (
			);
			name = Models;
			sourceTree = "<group>";
		};
		F220B0711E1F8F9F00A8FE2B /* Views */ = {
			isa = PBXGroup;
			children = (
				F220B0731E1F8FC300A8FE2B /* WordCell.swift */,
				F220B07A1E1F9BD300A8FE2B /* UserCell.swift */,
				F220B07C1E1F9DEB00A8FE2B /* UserHeader.swift */,
				F220B07E1E1F9F2700A8FE2B /* UserFooter.swift */,
			);
			name = Views;
			sourceTree = "<group>";
		};
		F220B0721E1F8FA300A8FE2B /* Controllers */ = {
			isa = PBXGroup;
			children = (
				F220B06E1E1F8B4D00A8FE2B /* HomeCollectionViewController.swift */,
				F220B0751E1F998600A8FE2B /* HomeDataSourceController.swift */,
			);
			name = Controllers;
			sourceTree = "<group>";
		};
		F220B0771E1F9A5C00A8FE2B /* DataSource */ = {
			isa = PBXGroup;
			children = (
				F220B0781E1F9A6C00A8FE2B /* HomeDataSource.swift */,
			);
			name = DataSource;
			sourceTree = "<group>";
		};
/* End PBXGroup section */

/* Begin PBXNativeTarget section */
		F220B0471E1F896D00A8FE2B /* TwitterClone */ = {
			isa = PBXNativeTarget;
			buildConfigurationList = F220B0681E1F896D00A8FE2B /* Build configuration list for PBXNativeTarget "TwitterClone" */;
			buildPhases = (
				DA670FACDD2475FDE288F9F0 /* [CP] Check Pods Manifest.lock */,
				F220B0441E1F896D00A8FE2B /* Sources */,
				F220B0451E1F896D00A8FE2B /* Frameworks */,
				F220B0461E1F896D00A8FE2B /* Resources */,
				392907468BBEC9D196C9EE0C /* [CP] Embed Pods Frameworks */,
				8B962F86AB0132B9737C9279 /* [CP] Copy Pods Resources */,
			);
			buildRules = (
			);
			dependencies = (
			);
			name = TwitterClone;
			productName = TwitterClone;
			productReference = F220B0481E1F896D00A8FE2B /* TwitterClone.app */;
			productType = "com.apple.product-type.application";
		};
		F220B05E1E1F896D00A8FE2B /* TwitterCloneTests */ = {
			isa = PBXNativeTarget;
			buildConfigurationList = F220B06B1E1F896D00A8FE2B /* Build configuration list for PBXNativeTarget "TwitterCloneTests" */;
			buildPhases = (
				2D50219C471E4274EC80F457 /* [CP] Check Pods Manifest.lock */,
				F220B05B1E1F896D00A8FE2B /* Sources */,
				F220B05C1E1F896D00A8FE2B /* Frameworks */,
				F220B05D1E1F896D00A8FE2B /* Resources */,
				67E61B93831E65E86E36A424 /* [CP] Embed Pods Frameworks */,
				0A36A191165F4E2FF8EB636D /* [CP] Copy Pods Resources */,
			);
			buildRules = (
			);
			dependencies = (
				F220B0611E1F896D00A8FE2B /* PBXTargetDependency */,
			);
			name = TwitterCloneTests;
			productName = TwitterCloneTests;
			productReference = F220B05F1E1F896D00A8FE2B /* TwitterCloneTests.xctest */;
			productType = "com.apple.product-type.bundle.unit-test";
		};
/* End PBXNativeTarget section */

/* Begin PBXProject section */
		F220B0401E1F896D00A8FE2B /* Project object */ = {
			isa = PBXProject;
			attributes = {
				LastSwiftUpdateCheck = 0820;
				LastUpgradeCheck = 0820;
				ORGANIZATIONNAME = Ronaldoh1;
				TargetAttributes = {
					F220B0471E1F896D00A8FE2B = {
						CreatedOnToolsVersion = 8.2.1;
						ProvisioningStyle = Automatic;
					};
					F220B05E1E1F896D00A8FE2B = {
						CreatedOnToolsVersion = 8.2.1;
						ProvisioningStyle = Automatic;
						TestTargetID = F220B0471E1F896D00A8FE2B;
					};
				};
			};
			buildConfigurationList = F220B0431E1F896D00A8FE2B /* Build configuration list for PBXProject "TwitterClone" */;
			compatibilityVersion = "Xcode 3.2";
			developmentRegion = English;
			hasScannedForEncodings = 0;
			knownRegions = (
				en,
				Base,
			);
			mainGroup = F220B03F1E1F896D00A8FE2B;
			productRefGroup = F220B0491E1F896D00A8FE2B /* Products */;
			projectDirPath = "";
			projectRoot = "";
			targets = (
				F220B0471E1F896D00A8FE2B /* TwitterClone */,
				F220B05E1E1F896D00A8FE2B /* TwitterCloneTests */,
			);
		};
/* End PBXProject section */

/* Begin PBXResourcesBuildPhase section */
		F220B0461E1F896D00A8FE2B /* Resources */ = {
			isa = PBXResourcesBuildPhase;
			buildActionMask = 2147483647;
			files = (
				F220B0591E1F896D00A8FE2B /* LaunchScreen.storyboard in Resources */,
				F220B0561E1F896D00A8FE2B /* Assets.xcassets in Resources */,
			);
			runOnlyForDeploymentPostprocessing = 0;
		};
		F220B05D1E1F896D00A8FE2B /* Resources */ = {
			isa = PBXResourcesBuildPhase;
			buildActionMask = 2147483647;
			files = (
			);
			runOnlyForDeploymentPostprocessing = 0;
		};
/* End PBXResourcesBuildPhase section */

/* Begin PBXShellScriptBuildPhase section */
		0A36A191165F4E2FF8EB636D /* [CP] Copy Pods Resources */ = {
			isa = PBXShellScriptBuildPhase;
			buildActionMask = 2147483647;
			files = (
			);
			inputPaths = (
			);
			name = "[CP] Copy Pods Resources";
			outputPaths = (
			);
			runOnlyForDeploymentPostprocessing = 0;
			shellPath = /bin/sh;
			shellScript = "\"${SRCROOT}/Pods/Target Support Files/Pods-TwitterCloneTests/Pods-TwitterCloneTests-resources.sh\"\n";
			showEnvVarsInLog = 0;
		};
		2D50219C471E4274EC80F457 /* [CP] Check Pods Manifest.lock */ = {
			isa = PBXShellScriptBuildPhase;
			buildActionMask = 2147483647;
			files = (
			);
			inputPaths = (
			);
			name = "[CP] Check Pods Manifest.lock";
			outputPaths = (
			);
			runOnlyForDeploymentPostprocessing = 0;
			shellPath = /bin/sh;
			shellScript = "diff \"${PODS_ROOT}/../Podfile.lock\" \"${PODS_ROOT}/Manifest.lock\" > /dev/null\nif [ $? != 0 ] ; then\n    # print error to STDERR\n    echo \"error: The sandbox is not in sync with the Podfile.lock. Run 'pod install' or update your CocoaPods installation.\" >&2\n    exit 1\nfi\n";
			showEnvVarsInLog = 0;
		};
		392907468BBEC9D196C9EE0C /* [CP] Embed Pods Frameworks */ = {
			isa = PBXShellScriptBuildPhase;
			buildActionMask = 2147483647;
			files = (
			);
			inputPaths = (
			);
			name = "[CP] Embed Pods Frameworks";
			outputPaths = (
			);
			runOnlyForDeploymentPostprocessing = 0;
			shellPath = /bin/sh;
			shellScript = "\"${SRCROOT}/Pods/Target Support Files/Pods-TwitterClone/Pods-TwitterClone-frameworks.sh\"\n";
			showEnvVarsInLog = 0;
		};
		67E61B93831E65E86E36A424 /* [CP] Embed Pods Frameworks */ = {
			isa = PBXShellScriptBuildPhase;
			buildActionMask = 2147483647;
			files = (
			);
			inputPaths = (
			);
			name = "[CP] Embed Pods Frameworks";
			outputPaths = (
			);
			runOnlyForDeploymentPostprocessing = 0;
			shellPath = /bin/sh;
			shellScript = "\"${SRCROOT}/Pods/Target Support Files/Pods-TwitterCloneTests/Pods-TwitterCloneTests-frameworks.sh\"\n";
			showEnvVarsInLog = 0;
		};
		8B962F86AB0132B9737C9279 /* [CP] Copy Pods Resources */ = {
			isa = PBXShellScriptBuildPhase;
			buildActionMask = 2147483647;
			files = (
			);
			inputPaths = (
			);
			name = "[CP] Copy Pods Resources";
			outputPaths = (
			);
			runOnlyForDeploymentPostprocessing = 0;
			shellPath = /bin/sh;
			shellScript = "\"${SRCROOT}/Pods/Target Support Files/Pods-TwitterClone/Pods-TwitterClone-resources.sh\"\n";
			showEnvVarsInLog = 0;
		};
		DA670FACDD2475FDE288F9F0 /* [CP] Check Pods Manifest.lock */ = {
			isa = PBXShellScriptBuildPhase;
			buildActionMask = 2147483647;
			files = (
			);
			inputPaths = (
			);
			name = "[CP] Check Pods Manifest.lock";
			outputPaths = (
			);
			runOnlyForDeploymentPostprocessing = 0;
			shellPath = /bin/sh;
			shellScript = "diff \"${PODS_ROOT}/../Podfile.lock\" \"${PODS_ROOT}/Manifest.lock\" > /dev/null\nif [ $? != 0 ] ; then\n    # print error to STDERR\n    echo \"error: The sandbox is not in sync with the Podfile.lock. Run 'pod install' or update your CocoaPods installation.\" >&2\n    exit 1\nfi\n";
			showEnvVarsInLog = 0;
		};
/* End PBXShellScriptBuildPhase section */

/* Begin PBXSourcesBuildPhase section */
		F220B0441E1F896D00A8FE2B /* Sources */ = {
			isa = PBXSourcesBuildPhase;
			buildActionMask = 2147483647;
			files = (
				F220B0791E1F9A6C00A8FE2B /* HomeDataSource.swift in Sources */,
				F220B07F1E1F9F2700A8FE2B /* UserFooter.swift in Sources */,
				F220B0541E1F896D00A8FE2B /* TwitterClone.xcdatamodeld in Sources */,
				F220B0741E1F8FC300A8FE2B /* WordCell.swift in Sources */,
				F220B06F1E1F8B4D00A8FE2B /* HomeCollectionViewController.swift in Sources */,
				F220B04C1E1F896D00A8FE2B /* AppDelegate.swift in Sources */,
				F220B07D1E1F9DEB00A8FE2B /* UserHeader.swift in Sources */,
				F220B0761E1F998600A8FE2B /* HomeDataSourceController.swift in Sources */,
				F220B07B1E1F9BD300A8FE2B /* UserCell.swift in Sources */,
			);
			runOnlyForDeploymentPostprocessing = 0;
		};
		F220B05B1E1F896D00A8FE2B /* Sources */ = {
			isa = PBXSourcesBuildPhase;
			buildActionMask = 2147483647;
			files = (
				F220B0641E1F896D00A8FE2B /* TwitterCloneTests.swift in Sources */,
			);
			runOnlyForDeploymentPostprocessing = 0;
		};
/* End PBXSourcesBuildPhase section */

/* Begin PBXTargetDependency section */
		F220B0611E1F896D00A8FE2B /* PBXTargetDependency */ = {
			isa = PBXTargetDependency;
			target = F220B0471E1F896D00A8FE2B /* TwitterClone */;
			targetProxy = F220B0601E1F896D00A8FE2B /* PBXContainerItemProxy */;
		};
/* End PBXTargetDependency section */

/* Begin PBXVariantGroup section */
		F220B0571E1F896D00A8FE2B /* LaunchScreen.storyboard */ = {
			isa = PBXVariantGroup;
			children = (
				F220B0581E1F896D00A8FE2B /* Base */,
			);
			name = LaunchScreen.storyboard;
			sourceTree = "<group>";
		};
/* End PBXVariantGroup section */

/* Begin XCBuildConfiguration section */
		F220B0661E1F896D00A8FE2B /* Debug */ = {
			isa = XCBuildConfiguration;
			buildSettings = {
				ALWAYS_SEARCH_USER_PATHS = NO;
				CLANG_ANALYZER_NONNULL = YES;
				CLANG_CXX_LANGUAGE_STANDARD = "gnu++0x";
				CLANG_CXX_LIBRARY = "libc++";
				CLANG_ENABLE_MODULES = YES;
				CLANG_ENABLE_OBJC_ARC = YES;
				CLANG_WARN_BOOL_CONVERSION = YES;
				CLANG_WARN_CONSTANT_CONVERSION = YES;
				CLANG_WARN_DIRECT_OBJC_ISA_USAGE = YES_ERROR;
				CLANG_WARN_DOCUMENTATION_COMMENTS = YES;
				CLANG_WARN_EMPTY_BODY = YES;
				CLANG_WARN_ENUM_CONVERSION = YES;
				CLANG_WARN_INFINITE_RECURSION = YES;
				CLANG_WARN_INT_CONVERSION = YES;
				CLANG_WARN_OBJC_ROOT_CLASS = YES_ERROR;
				CLANG_WARN_SUSPICIOUS_MOVE = YES;
				CLANG_WARN_UNREACHABLE_CODE = YES;
				CLANG_WARN__DUPLICATE_METHOD_MATCH = YES;
				"CODE_SIGN_IDENTITY[sdk=iphoneos*]" = "iPhone Developer";
				COPY_PHASE_STRIP = NO;
				DEBUG_INFORMATION_FORMAT = dwarf;
				ENABLE_STRICT_OBJC_MSGSEND = YES;
				ENABLE_TESTABILITY = YES;
				GCC_C_LANGUAGE_STANDARD = gnu99;
				GCC_DYNAMIC_NO_PIC = NO;
				GCC_NO_COMMON_BLOCKS = YES;
				GCC_OPTIMIZATION_LEVEL = 0;
				GCC_PREPROCESSOR_DEFINITIONS = (
					"DEBUG=1",
					"$(inherited)",
				);
				GCC_WARN_64_TO_32_BIT_CONVERSION = YES;
				GCC_WARN_ABOUT_RETURN_TYPE = YES_ERROR;
				GCC_WARN_UNDECLARED_SELECTOR = YES;
				GCC_WARN_UNINITIALIZED_AUTOS = YES_AGGRESSIVE;
				GCC_WARN_UNUSED_FUNCTION = YES;
				GCC_WARN_UNUSED_VARIABLE = YES;
				IPHONEOS_DEPLOYMENT_TARGET = 10.2;
				MTL_ENABLE_DEBUG_INFO = YES;
				ONLY_ACTIVE_ARCH = YES;
				SDKROOT = iphoneos;
				SWIFT_ACTIVE_COMPILATION_CONDITIONS = DEBUG;
				SWIFT_OPTIMIZATION_LEVEL = "-Onone";
				TARGETED_DEVICE_FAMILY = "1,2";
			};
			name = Debug;
		};
		F220B0671E1F896D00A8FE2B /* Release */ = {
			isa = XCBuildConfiguration;
			buildSettings = {
				ALWAYS_SEARCH_USER_PATHS = NO;
				CLANG_ANALYZER_NONNULL = YES;
				CLANG_CXX_LANGUAGE_STANDARD = "gnu++0x";
				CLANG_CXX_LIBRARY = "libc++";
				CLANG_ENABLE_MODULES = YES;
				CLANG_ENABLE_OBJC_ARC = YES;
				CLANG_WARN_BOOL_CONVERSION = YES;
				CLANG_WARN_CONSTANT_CONVERSION = YES;
				CLANG_WARN_DIRECT_OBJC_ISA_USAGE = YES_ERROR;
				CLANG_WARN_DOCUMENTATION_COMMENTS = YES;
				CLANG_WARN_EMPTY_BODY = YES;
				CLANG_WARN_ENUM_CONVERSION = YES;
				CLANG_WARN_INFINITE_RECURSION = YES;
				CLANG_WARN_INT_CONVERSION = YES;
				CLANG_WARN_OBJC_ROOT_CLASS = YES_ERROR;
				CLANG_WARN_SUSPICIOUS_MOVE = YES;
				CLANG_WARN_UNREACHABLE_CODE = YES;
				CLANG_WARN__DUPLICATE_METHOD_MATCH = YES;
				"CODE_SIGN_IDENTITY[sdk=iphoneos*]" = "iPhone Developer";
				COPY_PHASE_STRIP = NO;
				DEBUG_INFORMATION_FORMAT = "dwarf-with-dsym";
				ENABLE_NS_ASSERTIONS = NO;
				ENABLE_STRICT_OBJC_MSGSEND = YES;
				GCC_C_LANGUAGE_STANDARD = gnu99;
				GCC_NO_COMMON_BLOCKS = YES;
				GCC_WARN_64_TO_32_BIT_CONVERSION = YES;
				GCC_WARN_ABOUT_RETURN_TYPE = YES_ERROR;
				GCC_WARN_UNDECLARED_SELECTOR = YES;
				GCC_WARN_UNINITIALIZED_AUTOS = YES_AGGRESSIVE;
				GCC_WARN_UNUSED_FUNCTION = YES;
				GCC_WARN_UNUSED_VARIABLE = YES;
				IPHONEOS_DEPLOYMENT_TARGET = 10.2;
				MTL_ENABLE_DEBUG_INFO = NO;
				SDKROOT = iphoneos;
				SWIFT_OPTIMIZATION_LEVEL = "-Owholemodule";
				TARGETED_DEVICE_FAMILY = "1,2";
				VALIDATE_PRODUCT = YES;
			};
			name = Release;
		};
		F220B0691E1F896D00A8FE2B /* Debug */ = {
			isa = XCBuildConfiguration;
			baseConfigurationReference = 8B263E6F4ECB01C9CD24D6FF /* Pods-TwitterClone.debug.xcconfig */;
			buildSettings = {
				ASSETCATALOG_COMPILER_APPICON_NAME = AppIcon;
				INFOPLIST_FILE = TwitterClone/Info.plist;
				LD_RUNPATH_SEARCH_PATHS = "$(inherited) @executable_path/Frameworks";
				PRODUCT_BUNDLE_IDENTIFIER = Ronaldoh1.TwitterClone;
				PRODUCT_NAME = "$(TARGET_NAME)";
				SWIFT_VERSION = 3.0;
			};
			name = Debug;
		};
		F220B06A1E1F896D00A8FE2B /* Release */ = {
			isa = XCBuildConfiguration;
			baseConfigurationReference = FB567766BFF58F81801648AC /* Pods-TwitterClone.release.xcconfig */;
			buildSettings = {
				ASSETCATALOG_COMPILER_APPICON_NAME = AppIcon;
				INFOPLIST_FILE = TwitterClone/Info.plist;
				LD_RUNPATH_SEARCH_PATHS = "$(inherited) @executable_path/Frameworks";
				PRODUCT_BUNDLE_IDENTIFIER = Ronaldoh1.TwitterClone;
				PRODUCT_NAME = "$(TARGET_NAME)";
				SWIFT_VERSION = 3.0;
			};
			name = Release;
		};
		F220B06C1E1F896D00A8FE2B /* Debug */ = {
			isa = XCBuildConfiguration;
			baseConfigurationReference = 393E46A7EBC7CDD7E0DF4FFE /* Pods-TwitterCloneTests.debug.xcconfig */;
			buildSettings = {
				ALWAYS_EMBED_SWIFT_STANDARD_LIBRARIES = YES;
				BUNDLE_LOADER = "$(TEST_HOST)";
				INFOPLIST_FILE = TwitterCloneTests/Info.plist;
				LD_RUNPATH_SEARCH_PATHS = "$(inherited) @executable_path/Frameworks @loader_path/Frameworks";
				PRODUCT_BUNDLE_IDENTIFIER = Ronaldoh1.TwitterCloneTests;
				PRODUCT_NAME = "$(TARGET_NAME)";
				SWIFT_VERSION = 3.0;
				TEST_HOST = "$(BUILT_PRODUCTS_DIR)/TwitterClone.app/TwitterClone";
			};
			name = Debug;
		};
		F220B06D1E1F896D00A8FE2B /* Release */ = {
			isa = XCBuildConfiguration;
			baseConfigurationReference = DD924FF67434C1BF9E71898A /* Pods-TwitterCloneTests.release.xcconfig */;
			buildSettings = {
				ALWAYS_EMBED_SWIFT_STANDARD_LIBRARIES = YES;
				BUNDLE_LOADER = "$(TEST_HOST)";
				INFOPLIST_FILE = TwitterCloneTests/Info.plist;
				LD_RUNPATH_SEARCH_PATHS = "$(inherited) @executable_path/Frameworks @loader_path/Frameworks";
				PRODUCT_BUNDLE_IDENTIFIER = Ronaldoh1.TwitterCloneTests;
				PRODUCT_NAME = "$(TARGET_NAME)";
				SWIFT_VERSION = 3.0;
				TEST_HOST = "$(BUILT_PRODUCTS_DIR)/TwitterClone.app/TwitterClone";
			};
			name = Release;
		};
/* End XCBuildConfiguration section */

/* Begin XCConfigurationList section */
		F220B0431E1F896D00A8FE2B /* Build configuration list for PBXProject "TwitterClone" */ = {
			isa = XCConfigurationList;
			buildConfigurations = (
				F220B0661E1F896D00A8FE2B /* Debug */,
				F220B0671E1F896D00A8FE2B /* Release */,
			);
			defaultConfigurationIsVisible = 0;
			defaultConfigurationName = Release;
		};
		F220B0681E1F896D00A8FE2B /* Build configuration list for PBXNativeTarget "TwitterClone" */ = {
			isa = XCConfigurationList;
			buildConfigurations = (
				F220B0691E1F896D00A8FE2B /* Debug */,
				F220B06A1E1F896D00A8FE2B /* Release */,
			);
			defaultConfigurationIsVisible = 0;
			defaultConfigurationName = Release;
		};
		F220B06B1E1F896D00A8FE2B /* Build configuration list for PBXNativeTarget "TwitterCloneTests" */ = {
			isa = XCConfigurationList;
			buildConfigurations = (
				F220B06C1E1F896D00A8FE2B /* Debug */,
				F220B06D1E1F896D00A8FE2B /* Release */,
			);
			defaultConfigurationIsVisible = 0;
			defaultConfigurationName = Release;
		};
/* End XCConfigurationList section */

/* Begin XCVersionGroup section */
		F220B0521E1F896D00A8FE2B /* TwitterClone.xcdatamodeld */ = {
			isa = XCVersionGroup;
			children = (
				F220B0531E1F896D00A8FE2B /* TwitterClone.xcdatamodel */,
			);
			currentVersion = F220B0531E1F896D00A8FE2B /* TwitterClone.xcdatamodel */;
			path = TwitterClone.xcdatamodeld;
			sourceTree = "<group>";
			versionGroupType = wrapper.xcdatamodel;
		};
/* End XCVersionGroup section */
	};
	rootObject = F220B0401E1F896D00A8FE2B /* Project object */;
}
